
Microsoft Visual Studio Solution File, Format Version 12.00
# Visual Studio Version 17
VisualStudioVersion = 17.0.31903.59
MinimumVisualStudioVersion = 10.0.40219.1
Project("{2150E333-8FDC-42A3-9474-1A3956D46DE8}") = "src", "src", "{827E0CD3-B72D-47B6-A68D-7590B98EB39B}"
EndProject
Project("{FAE04EC0-301F-11D3-BF4B-00C04F79EFBC}") = "PresentationTimer.App", "src\PresentationTimer.App\PresentationTimer.App.csproj", "{E434EBE2-89AB-4FC0-82D8-8C8A9C189130}"
EndProject
Project("{FAE04EC0-301F-11D3-BF4B-00C04F79EFBC}") = "PresentationTimer.Core", "src\PresentationTimer.Core\PresentationTimer.Core.csproj", "{D5629014-3B0C-4853-BBDD-96503F41F19F}"
EndProject
Project("{FAE04EC0-301F-11D3-BF4B-00C04F79EFBC}") = "PresentationTimer.PowerPoint", "src\PresentationTimer.PowerPoint\PresentationTimer.PowerPoint.csproj", "{A37FC4D8-67F4-4A6E-B607-E35F2C6BCC38}"
EndProject
Project("{FAE04EC0-301F-11D3-BF4B-00C04F79EFBC}") = "PresentationTimer.Remote", "src\PresentationTimer.Remote\PresentationTimer.Remote.csproj", "{6B3B0A2E-0EF5-4D61-ACB8-350627F38381}"
EndProject
Project("{2150E333-8FDC-42A3-9474-1A3956D46DE8}") = "tests", "tests", "{0AB3BF05-4346-4AA6-1389-037BE0695223}"
EndProject
Project("{FAE04EC0-301F-11D3-BF4B-00C04F79EFBC}") = "PresentationTimer.Core.Tests", "tests\PresentationTimer.Core.Tests\PresentationTimer.Core.Tests.csproj", "{93A1E6D0-6847-465B-997B-D19596CEE0CC}"
EndProject
Project("{FAE04EC0-301F-11D3-BF4B-00C04F79EFBC}") = "PresentationTimer.Remote.Tests", "tests\PresentationTimer.Remote.Tests\PresentationTimer.Remote.Tests.csproj", "{157EBB44-382B-409C-BE41-E1E334155937}"
EndProject
Project("{FAE04EC0-301F-11D3-BF4B-00C04F79EFBC}") = "PresentationTimer.App.Tests", "tests\PresentationTimer.App.Tests\PresentationTimer.App.Tests.csproj", "{C3F38E53-7DE7-4A7F-88E9-EB5FAD8C38E8}"
EndProject
Global
	GlobalSection(SolutionConfigurationPlatforms) = preSolution
		Debug|Any CPU = Debug|Any CPU
		Debug|x64 = Debug|x64
		Debug|x86 = Debug|x86
		Release|Any CPU = Release|Any CPU
		Release|x64 = Release|x64
		Release|x86 = Release|x86
	EndGlobalSection
	GlobalSection(ProjectConfigurationPlatforms) = postSolution
		{E434EBE2-89AB-4FC0-82D8-8C8A9C189130}.Debug|Any CPU.ActiveCfg = Debug|x86
		{E434EBE2-89AB-4FC0-82D8-8C8A9C189130}.Debug|Any CPU.Build.0 = Debug|x86
		{E434EBE2-89AB-4FC0-82D8-8C8A9C189130}.Debug|x64.ActiveCfg = Debug|x64
		{E434EBE2-89AB-4FC0-82D8-8C8A9C189130}.Debug|x64.Build.0 = Debug|x64
		{E434EBE2-89AB-4FC0-82D8-8C8A9C189130}.Debug|x86.ActiveCfg = Debug|x86
		{E434EBE2-89AB-4FC0-82D8-8C8A9C189130}.Debug|x86.Build.0 = Debug|x86
		{E434EBE2-89AB-4FC0-82D8-8C8A9C189130}.Release|Any CPU.ActiveCfg = Release|x86
		{E434EBE2-89AB-4FC0-82D8-8C8A9C189130}.Release|Any CPU.Build.0 = Release|x86
		{E434EBE2-89AB-4FC0-82D8-8C8A9C189130}.Release|x64.ActiveCfg = Release|x64
		{E434EBE2-89AB-4FC0-82D8-8C8A9C189130}.Release|x64.Build.0 = Release|x64
		{E434EBE2-89AB-4FC0-82D8-8C8A9C189130}.Release|x86.ActiveCfg = Release|x86
		{E434EBE2-89AB-4FC0-82D8-8C8A9C189130}.Release|x86.Build.0 = Release|x86
		{D5629014-3B0C-4853-BBDD-96503F41F19F}.Debug|Any CPU.ActiveCfg = Debug|Any CPU
		{D5629014-3B0C-4853-BBDD-96503F41F19F}.Debug|Any CPU.Build.0 = Debug|Any CPU
		{D5629014-3B0C-4853-BBDD-96503F41F19F}.Debug|x64.ActiveCfg = Debug|Any CPU
		{D5629014-3B0C-4853-BBDD-96503F41F19F}.Debug|x64.Build.0 = Debug|Any CPU
		{D5629014-3B0C-4853-BBDD-96503F41F19F}.Debug|x86.ActiveCfg = Debug|Any CPU
		{D5629014-3B0C-4853-BBDD-96503F41F19F}.Debug|x86.Build.0 = Debug|Any CPU
		{D5629014-3B0C-4853-BBDD-96503F41F19F}.Release|Any CPU.ActiveCfg = Release|Any CPU
		{D5629014-3B0C-4853-BBDD-96503F41F19F}.Release|Any CPU.Build.0 = Release|Any CPU
		{D5629014-3B0C-4853-BBDD-96503F41F19F}.Release|x64.ActiveCfg = Release|Any CPU
		{D5629014-3B0C-4853-BBDD-96503F41F19F}.Release|x64.Build.0 = Release|Any CPU
		{D5629014-3B0C-4853-BBDD-96503F41F19F}.Release|x86.ActiveCfg = Release|Any CPU
		{D5629014-3B0C-4853-BBDD-96503F41F19F}.Release|x86.Build.0 = Release|Any CPU
		{A37FC4D8-67F4-4A6E-B607-E35F2C6BCC38}.Debug|Any CPU.ActiveCfg = Debug|Any CPU
		{A37FC4D8-67F4-4A6E-B607-E35F2C6BCC38}.Debug|Any CPU.Build.0 = Debug|Any CPU
		{A37FC4D8-67F4-4A6E-B607-E35F2C6BCC38}.Debug|x64.ActiveCfg = Debug|Any CPU
		{A37FC4D8-67F4-4A6E-B607-E35F2C6BCC38}.Debug|x64.Build.0 = Debug|Any CPU
		{A37FC4D8-67F4-4A6E-B607-E35F2C6BCC38}.Debug|x86.ActiveCfg = Debug|Any CPU
		{A37FC4D8-67F4-4A6E-B607-E35F2C6BCC38}.Debug|x86.Build.0 = Debug|Any CPU
		{A37FC4D8-67F4-4A6E-B607-E35F2C6BCC38}.Release|Any CPU.ActiveCfg = Release|Any CPU
		{A37FC4D8-67F4-4A6E-B607-E35F2C6BCC38}.Release|Any CPU.Build.0 = Release|Any CPU
		{A37FC4D8-67F4-4A6E-B607-E35F2C6BCC38}.Release|x64.ActiveCfg = Release|Any CPU
		{A37FC4D8-67F4-4A6E-B607-E35F2C6BCC38}.Release|x64.Build.0 = Release|Any CPU
		{A37FC4D8-67F4-4A6E-B607-E35F2C6BCC38}.Release|x86.ActiveCfg = Release|Any CPU
		{A37FC4D8-67F4-4A6E-B607-E35F2C6BCC38}.Release|x86.Build.0 = Release|Any CPU
		{6B3B0A2E-0EF5-4D61-ACB8-350627F38381}.Debug|Any CPU.ActiveCfg = Debug|Any CPU
		{6B3B0A2E-0EF5-4D61-ACB8-350627F38381}.Debug|Any CPU.Build.0 = Debug|Any CPU
		{6B3B0A2E-0EF5-4D61-ACB8-350627F38381}.Debug|x64.ActiveCfg = Debug|Any CPU
		{6B3B0A2E-0EF5-4D61-ACB8-350627F38381}.Debug|x64.Build.0 = Debug|Any CPU
		{6B3B0A2E-0EF5-4D61-ACB8-350627F38381}.Debug|x86.ActiveCfg = Debug|Any CPU
		{6B3B0A2E-0EF5-4D61-ACB8-350627F38381}.Debug|x86.Build.0 = Debug|Any CPU
		{6B3B0A2E-0EF5-4D61-ACB8-350627F38381}.Release|Any CPU.ActiveCfg = Release|Any CPU
		{6B3B0A2E-0EF5-4D61-ACB8-350627F38381}.Release|Any CPU.Build.0 = Release|Any CPU
		{6B3B0A2E-0EF5-4D61-ACB8-350627F38381}.Release|x64.ActiveCfg = Release|Any CPU
		{6B3B0A2E-0EF5-4D61-ACB8-350627F38381}.Release|x64.Build.0 = Release|Any CPU
		{6B3B0A2E-0EF5-4D61-ACB8-350627F38381}.Release|x86.ActiveCfg = Release|Any CPU
		{6B3B0A2E-0EF5-4D61-ACB8-350627F38381}.Release|x86.Build.0 = Release|Any CPU
		{93A1E6D0-6847-465B-997B-D19596CEE0CC}.Debug|Any CPU.ActiveCfg = Debug|Any CPU
		{93A1E6D0-6847-465B-997B-D19596CEE0CC}.Debug|Any CPU.Build.0 = Debug|Any CPU
		{93A1E6D0-6847-465B-997B-D19596CEE0CC}.Debug|x64.ActiveCfg = Debug|Any CPU
		{93A1E6D0-6847-465B-997B-D19596CEE0CC}.Debug|x64.Build.0 = Debug|Any CPU
		{93A1E6D0-6847-465B-997B-D19596CEE0CC}.Debug|x86.ActiveCfg = Debug|Any CPU
		{93A1E6D0-6847-465B-997B-D19596CEE0CC}.Debug|x86.Build.0 = Debug|Any CPU
		{93A1E6D0-6847-465B-997B-D19596CEE0CC}.Release|Any CPU.ActiveCfg = Release|Any CPU
		{93A1E6D0-6847-465B-997B-D19596CEE0CC}.Release|Any CPU.Build.0 = Release|Any CPU
		{93A1E6D0-6847-465B-997B-D19596CEE0CC}.Release|x64.ActiveCfg = Release|Any CPU
		{93A1E6D0-6847-465B-997B-D19596CEE0CC}.Release|x64.Build.0 = Release|Any CPU
		{93A1E6D0-6847-465B-997B-D19596CEE0CC}.Release|x86.ActiveCfg = Release|Any CPU
		{93A1E6D0-6847-465B-997B-D19596CEE0CC}.Release|x86.Build.0 = Release|Any CPU
		{157EBB44-382B-409C-BE41-E1E334155937}.Debug|Any CPU.ActiveCfg = Debug|Any CPU
		{157EBB44-382B-409C-BE41-E1E334155937}.Debug|Any CPU.Build.0 = Debug|Any CPU
		{157EBB44-382B-409C-BE41-E1E334155937}.Debug|x64.ActiveCfg = Debug|Any CPU
		{157EBB44-382B-409C-BE41-E1E334155937}.Debug|x64.Build.0 = Debug|Any CPU
		{157EBB44-382B-409C-BE41-E1E334155937}.Debug|x86.ActiveCfg = Debug|Any CPU
		{157EBB44-382B-409C-BE41-E1E334155937}.Debug|x86.Build.0 = Debug|Any CPU
		{157EBB44-382B-409C-BE41-E1E334155937}.Release|Any CPU.ActiveCfg = Release|Any CPU
		{157EBB44-382B-409C-BE41-E1E334155937}.Release|Any CPU.Build.0 = Release|Any CPU
		{157EBB44-382B-409C-BE41-E1E334155937}.Release|x64.ActiveCfg = Release|Any CPU
		{157EBB44-382B-409C-BE41-E1E334155937}.Release|x64.Build.0 = Release|Any CPU
		{157EBB44-382B-409C-BE41-E1E334155937}.Release|x86.ActiveCfg = Release|Any CPU
		{157EBB44-382B-409C-BE41-E1E334155937}.Release|x86.Build.0 = Release|Any CPU
		{C3F38E53-7DE7-4A7F-88E9-EB5FAD8C38E8}.Debug|Any CPU.ActiveCfg = Debug|Any CPU
		{C3F38E53-7DE7-4A7F-88E9-EB5FAD8C38E8}.Debug|Any CPU.Build.0 = Debug|Any CPU
		{C3F38E53-7DE7-4A7F-88E9-EB5FAD8C38E8}.Debug|x64.ActiveCfg = Debug|Any CPU
		{C3F38E53-7DE7-4A7F-88E9-EB5FAD8C38E8}.Debug|x64.Build.0 = Debug|Any CPU
		{C3F38E53-7DE7-4A7F-88E9-EB5FAD8C38E8}.Debug|x86.ActiveCfg = Debug|Any CPU
		{C3F38E53-7DE7-4A7F-88E9-EB5FAD8C38E8}.Debug|x86.Build.0 = Debug|Any CPU
		{C3F38E53-7DE7-4A7F-88E9-EB5FAD8C38E8}.Release|Any CPU.ActiveCfg = Release|Any CPU
		{C3F38E53-7DE7-4A7F-88E9-EB5FAD8C38E8}.Release|Any CPU.Build.0 = Release|Any CPU
		{C3F38E53-7DE7-4A7F-88E9-EB5FAD8C38E8}.Release|x64.ActiveCfg = Release|Any CPU
		{C3F38E53-7DE7-4A7F-88E9-EB5FAD8C38E8}.Release|x64.Build.0 = Release|Any CPU
		{C3F38E53-7DE7-4A7F-88E9-EB5FAD8C38E8}.Release|x86.ActiveCfg = Release|Any CPU
		{C3F38E53-7DE7-4A7F-88E9-EB5FAD8C38E8}.Release|x86.Build.0 = Release|Any CPU
	EndGlobalSection
	GlobalSection(SolutionProperties) = preSolution
		HideSolutionNode = FALSE
	EndGlobalSection
	GlobalSection(NestedProjects) = preSolution
		{E434EBE2-89AB-4FC0-82D8-8C8A9C189130} = {827E0CD3-B72D-47B6-A68D-7590B98EB39B}
		{D5629014-3B0C-4853-BBDD-96503F41F19F} = {827E0CD3-B72D-47B6-A68D-7590B98EB39B}
		{A37FC4D8-67F4-4A6E-B607-E35F2C6BCC38} = {827E0CD3-B72D-47B6-A68D-7590B98EB39B}
		{6B3B0A2E-0EF5-4D61-ACB8-350627F38381} = {827E0CD3-B72D-47B6-A68D-7590B98EB39B}
		{93A1E6D0-6847-465B-997B-D19596CEE0CC} = {0AB3BF05-4346-4AA6-1389-037BE0695223}
		{157EBB44-382B-409C-BE41-E1E334155937} = {0AB3BF05-4346-4AA6-1389-037BE0695223}
		{C3F38E53-7DE7-4A7F-88E9-EB5FAD8C38E8} = {0AB3BF05-4346-4AA6-1389-037BE0695223}
	EndGlobalSection
EndGlobal
